
Microsoft Visual Studio Solution File, Format Version 12.00
# Visual Studio Version 17
VisualStudioVersion = 17.4.33103.184
MinimumVisualStudioVersion = 10.0.40219.1
Project("{8BC9CEB8-8B4A-11D0-8D11-00A0C91BC942}") = "Bertha", "Bertha.vcxproj", "{B70553CB-2E52-4C23-BEBE-7D4143A37909}"
EndProject
Global
	GlobalSection(SolutionConfigurationPlatforms) = preSolution
		Debug|x64 = Debug|x64
		Debug|x86 = Debug|x86
		Release|x64 = Release|x64
		Release|x86 = Release|x86
	EndGlobalSection
	GlobalSection(ProjectConfigurationPlatforms) = postSolution
		{B70553CB-2E52-4C23-BEBE-7D4143A37909}.Debug|x64.ActiveCfg = Debug|x64
		{B70553CB-2E52-4C23-BEBE-7D4143A37909}.Debug|x64.Build.0 = Debug|x64
		{B70553CB-2E52-4C23-BEBE-7D4143A37909}.Debug|x86.ActiveCfg = Debug|Win32
		{B70553CB-2E52-4C23-BEBE-7D4143A37909}.Debug|x86.Build.0 = Debug|Win32
		{B70553CB-2E52-4C23-BEBE-7D4143A37909}.Release|x64.ActiveCfg = Release|x64
		{B70553CB-2E52-4C23-BEBE-7D4143A37909}.Release|x64.Build.0 = Release|x64
		{B70553CB-2E52-4C23-BEBE-7D4143A37909}.Release|x86.ActiveCfg = Release|Win32
		{B70553CB-2E52-4C23-BEBE-7D4143A37909}.Release|x86.Build.0 = Release|Win32
	EndGlobalSection
	GlobalSection(SolutionProperties) = preSolution
		HideSolutionNode = FALSE
	EndGlobalSection
	GlobalSection(ExtensibilityGlobals) = postSolution
		SolutionGuid = {392D5FF3-DE50-4B96-81D8-8C31307D842A}
	EndGlobalSection
EndGlobal
